// !$*UTF8*$!
{
	archiveVersion = 1;
	classes = {
	};
	objectVersion = 56;
	objects = {

/* Begin PBXBuildFile section */
		C08D32702C74692A009C7674 /* IMG_8791.HEIC in Resources */ = {isa = PBXBuildFile; fileRef = C08D326F2C7467D6009C7674 /* IMG_8791.HEIC */; };
		C0D706D42B2843C400C40D7A /* AppDelegate.swift in Sources */ = {isa = PBXBuildFile; fileRef = C0D706D32B2843C400C40D7A /* AppDelegate.swift */; };
		C0D706D62B2843C400C40D7A /* SceneDelegate.swift in Sources */ = {isa = PBXBuildFile; fileRef = C0D706D52B2843C400C40D7A /* SceneDelegate.swift */; };
		C0D706D82B2843C400C40D7A /* ViewController.swift in Sources */ = {isa = PBXBuildFile; fileRef = C0D706D72B2843C400C40D7A /* ViewController.swift */; };
		C0D706DB2B2843C400C40D7A /* Main.storyboard in Resources */ = {isa = PBXBuildFile; fileRef = C0D706D92B2843C400C40D7A /* Main.storyboard */; };
		C0D706DD2B2843C800C40D7A /* Assets.xcassets in Resources */ = {isa = PBXBuildFile; fileRef = C0D706DC2B2843C800C40D7A /* Assets.xcassets */; };
		C0D706E02B2843C800C40D7A /* LaunchScreen.storyboard in Resources */ = {isa = PBXBuildFile; fileRef = C0D706DE2B2843C800C40D7A /* LaunchScreen.storyboard */; };
		C0D706EF2B28507B00C40D7A /* TokenBuilder.mm in Sources */ = {isa = PBXBuildFile; fileRef = C0D706EE2B28507B00C40D7A /* TokenBuilder.mm */; };
		C0D706F72B28533E00C40D7A /* libz.1.1.3.tbd in Frameworks */ = {isa = PBXBuildFile; fileRef = C0D706F62B28533500C40D7A /* libz.1.1.3.tbd */; };
		C0D706F82B28534400C40D7A /* libboringssl.tbd in Frameworks */ = {isa = PBXBuildFile; fileRef = C0D706F52B28532600C40D7A /* libboringssl.tbd */; };
		C0E35E2D2D12D20D00AC90E2 /* HyphenateChat.framework in Frameworks */ = {isa = PBXBuildFile; fileRef = C0E35E2C2D12D20D00AC90E2 /* HyphenateChat.framework */; };
		C0E35E2E2D12D20D00AC90E2 /* HyphenateChat.framework in Embed Frameworks */ = {isa = PBXBuildFile; fileRef = C0E35E2C2D12D20D00AC90E2 /* HyphenateChat.framework */; settings = {ATTRIBUTES = (CodeSignOnCopy, RemoveHeadersOnCopy, ); }; };
		D94BCB722DB11AFC00859299 /* test_remove_group_member.swift in Sources */ = {isa = PBXBuildFile; fileRef = D94BCB712DB11AFC00859299 /* test_remove_group_member.swift */; };
/* End PBXBuildFile section */

/* Begin PBXCopyFilesBuildPhase section */
		C0E35E2B2D12CFFE00AC90E2 /* Embed Frameworks */ = {
			isa = PBXCopyFilesBuildPhase;
			buildActionMask = 2147483647;
			dstPath = "";
			dstSubfolderSpec = 10;
			files = (
				C0E35E2E2D12D20D00AC90E2 /* HyphenateChat.framework in Embed Frameworks */,
			);
			name = "Embed Frameworks";
			runOnlyForDeploymentPostprocessing = 0;
		};
/* End PBXCopyFilesBuildPhase section */

/* Begin PBXFileReference section */
		C05989632BBAAEDD00480FED /* PrivacyInfo.xcprivacy */ = {isa = PBXFileReference; lastKnownFileType = text.xml; path = PrivacyInfo.xcprivacy; sourceTree = "<group>"; };
		C059FF522B3C12AF00FE8E42 /* sdkTest.entitlements */ = {isa = PBXFileReference; lastKnownFileType = text.plist.entitlements; path = sdkTest.entitlements; sourceTree = "<group>"; };
		C08D326F2C7467D6009C7674 /* IMG_8791.HEIC */ = {isa = PBXFileReference; lastKnownFileType = file; path = IMG_8791.HEIC; sourceTree = "<group>"; };
		C0D706D02B2843C400C40D7A /* sdkTest.app */ = {isa = PBXFileReference; explicitFileType = wrapper.application; includeInIndex = 0; path = sdkTest.app; sourceTree = BUILT_PRODUCTS_DIR; };
		C0D706D32B2843C400C40D7A /* AppDelegate.swift */ = {isa = PBXFileReference; lastKnownFileType = sourcecode.swift; path = AppDelegate.swift; sourceTree = "<group>"; };
		C0D706D52B2843C400C40D7A /* SceneDelegate.swift */ = {isa = PBXFileReference; lastKnownFileType = sourcecode.swift; path = SceneDelegate.swift; sourceTree = "<group>"; };
		C0D706D72B2843C400C40D7A /* ViewController.swift */ = {isa = PBXFileReference; lastKnownFileType = sourcecode.swift; path = ViewController.swift; sourceTree = "<group>"; };
		C0D706DA2B2843C400C40D7A /* Base */ = {isa = PBXFileReference; lastKnownFileType = file.storyboard; name = Base; path = Base.lproj/Main.storyboard; sourceTree = "<group>"; };
		C0D706DC2B2843C800C40D7A /* Assets.xcassets */ = {isa = PBXFileReference; lastKnownFileType = folder.assetcatalog; path = Assets.xcassets; sourceTree = "<group>"; };
		C0D706DF2B2843C800C40D7A /* Base */ = {isa = PBXFileReference; lastKnownFileType = file.storyboard; name = Base; path = Base.lproj/LaunchScreen.storyboard; sourceTree = "<group>"; };
		C0D706E12B2843C800C40D7A /* Info.plist */ = {isa = PBXFileReference; lastKnownFileType = text.plist.xml; path = Info.plist; sourceTree = "<group>"; };
		C0D706EC2B28507B00C40D7A /* sdkTest-Bridging-Header.h */ = {isa = PBXFileReference; lastKnownFileType = sourcecode.c.h; path = "sdkTest-Bridging-Header.h"; sourceTree = "<group>"; };
		C0D706ED2B28507B00C40D7A /* TokenBuilder.h */ = {isa = PBXFileReference; lastKnownFileType = sourcecode.c.h; path = TokenBuilder.h; sourceTree = "<group>"; };
		C0D706EE2B28507B00C40D7A /* TokenBuilder.mm */ = {isa = PBXFileReference; lastKnownFileType = sourcecode.cpp.objcpp; path = TokenBuilder.mm; sourceTree = "<group>"; };
		C0D706F12B28510300C40D7A /* utils.h */ = {isa = PBXFileReference; fileEncoding = 4; lastKnownFileType = sourcecode.c.h; path = utils.h; sourceTree = "<group>"; };
		C0D706F22B28510300C40D7A /* Packer.h */ = {isa = PBXFileReference; fileEncoding = 4; lastKnownFileType = sourcecode.c.h; path = Packer.h; sourceTree = "<group>"; };
		C0D706F32B28510300C40D7A /* ChatTokenBuilder2.h */ = {isa = PBXFileReference; fileEncoding = 4; lastKnownFileType = sourcecode.c.h; path = ChatTokenBuilder2.h; sourceTree = "<group>"; };
		C0D706F42B28510300C40D7A /* AccessToken2.h */ = {isa = PBXFileReference; fileEncoding = 4; lastKnownFileType = sourcecode.c.h; path = AccessToken2.h; sourceTree = "<group>"; };
		C0D706F52B28532600C40D7A /* libboringssl.tbd */ = {isa = PBXFileReference; lastKnownFileType = "sourcecode.text-based-dylib-definition"; name = libboringssl.tbd; path = usr/lib/libboringssl.tbd; sourceTree = SDKROOT; };
		C0D706F62B28533500C40D7A /* libz.1.1.3.tbd */ = {isa = PBXFileReference; lastKnownFileType = "sourcecode.text-based-dylib-definition"; name = libz.1.1.3.tbd; path = usr/lib/libz.1.1.3.tbd; sourceTree = SDKROOT; };
		C0E35E2C2D12D20D00AC90E2 /* HyphenateChat.framework */ = {isa = PBXFileReference; explicitFileType = wrapper.framework; path = HyphenateChat.framework; sourceTree = BUILT_PRODUCTS_DIR; };
		D94BCB712DB11AFC00859299 /* test_remove_group_member.swift */ = {isa = PBXFileReference; lastKnownFileType = sourcecode.swift; path = test_remove_group_member.swift; sourceTree = "<group>"; };
/* End PBXFileReference section */

/* Begin PBXFrameworksBuildPhase section */
		C0D706CD2B2843C400C40D7A /* Frameworks */ = {
			isa = PBXFrameworksBuildPhase;
			buildActionMask = 2147483647;
			files = (
				C0D706F72B28533E00C40D7A /* libz.1.1.3.tbd in Frameworks */,
				C0D706F82B28534400C40D7A /* libboringssl.tbd in Frameworks */,
				C0E35E2D2D12D20D00AC90E2 /* HyphenateChat.framework in Frameworks */,
			);
			runOnlyForDeploymentPostprocessing = 0;
		};
/* End PBXFrameworksBuildPhase section */

/* Begin PBXGroup section */
		C0D706C72B2843C400C40D7A = {
			isa = PBXGroup;
			children = (
				C05989632BBAAEDD00480FED /* PrivacyInfo.xcprivacy */,
				C0D706D22B2843C400C40D7A /* sdkTest */,
				C0D706D12B2843C400C40D7A /* Products */,
				C0D706E72B28472300C40D7A /* Frameworks */,
				C0D706EC2B28507B00C40D7A /* sdkTest-Bridging-Header.h */,
			);
			sourceTree = "<group>";
		};
		C0D706D12B2843C400C40D7A /* Products */ = {
			isa = PBXGroup;
			children = (
				C0D706D02B2843C400C40D7A /* sdkTest.app */,
			);
			name = Products;
			sourceTree = "<group>";
		};
		C0D706D22B2843C400C40D7A /* sdkTest */ = {
			isa = PBXGroup;
			children = (
				C08D326F2C7467D6009C7674 /* IMG_8791.HEIC */,
				C059FF522B3C12AF00FE8E42 /* sdkTest.entitlements */,
				C0D706ED2B28507B00C40D7A /* TokenBuilder.h */,
				C0D706EE2B28507B00C40D7A /* TokenBuilder.mm */,
				C0D706F02B28510300C40D7A /* 007token */,
				C0D706D32B2843C400C40D7A /* AppDelegate.swift */,
				D94BCB712DB11AFC00859299 /* test_remove_group_member.swift */,
				C0D706D52B2843C400C40D7A /* SceneDelegate.swift */,
				C0D706D72B2843C400C40D7A /* ViewController.swift */,
				C0D706D92B2843C400C40D7A /* Main.storyboard */,
				C0D706DC2B2843C800C40D7A /* Assets.xcassets */,
				C0D706DE2B2843C800C40D7A /* LaunchScreen.storyboard */,
				C0D706E12B2843C800C40D7A /* Info.plist */,
			);
			path = sdkTest;
			sourceTree = "<group>";
		};
		C0D706E72B28472300C40D7A /* Frameworks */ = {
			isa = PBXGroup;
			children = (
				C0E35E2C2D12D20D00AC90E2 /* HyphenateChat.framework */,
				C0D706F62B28533500C40D7A /* libz.1.1.3.tbd */,
				C0D706F52B28532600C40D7A /* libboringssl.tbd */,
			);
			name = Frameworks;
			sourceTree = "<group>";
		};
		C0D706F02B28510300C40D7A /* 007token */ = {
			isa = PBXGroup;
			children = (
				C0D706F12B28510300C40D7A /* utils.h */,
				C0D706F22B28510300C40D7A /* Packer.h */,
				C0D706F32B28510300C40D7A /* ChatTokenBuilder2.h */,
				C0D706F42B28510300C40D7A /* AccessToken2.h */,
			);
			path = 007token;
			sourceTree = "<group>";
		};
/* End PBXGroup section */

/* Begin PBXNativeTarget section */
		C0D706CF2B2843C400C40D7A /* sdkTest */ = {
			isa = PBXNativeTarget;
			buildConfigurationList = C0D706E42B2843C800C40D7A /* Build configuration list for PBXNativeTarget "sdkTest" */;
			buildPhases = (
				C0D706CC2B2843C400C40D7A /* Sources */,
				C0D706CD2B2843C400C40D7A /* Frameworks */,
				C0D706CE2B2843C400C40D7A /* Resources */,
				C0E35E2B2D12CFFE00AC90E2 /* Embed Frameworks */,
			);
			buildRules = (
			);
			dependencies = (
			);
			name = sdkTest;
			productName = sdkTest;
			productReference = C0D706D02B2843C400C40D7A /* sdkTest.app */;
			productType = "com.apple.product-type.application";
		};
/* End PBXNativeTarget section */

/* Begin PBXProject section */
		C0D706C82B2843C400C40D7A /* Project object */ = {
			isa = PBXProject;
			attributes = {
				BuildIndependentTargetsInParallel = 1;
				LastSwiftUpdateCheck = 1410;
				LastUpgradeCheck = 1410;
				TargetAttributes = {
					C0D706CF2B2843C400C40D7A = {
						CreatedOnToolsVersion = 14.1;
						LastSwiftMigration = 1410;
					};
				};
			};
			buildConfigurationList = C0D706CB2B2843C400C40D7A /* Build configuration list for PBXProject "sdkTest" */;
			compatibilityVersion = "Xcode 14.0";
			developmentRegion = en;
			hasScannedForEncodings = 0;
			knownRegions = (
				en,
				Base,
			);
			mainGroup = C0D706C72B2843C400C40D7A;
			productRefGroup = C0D706D12B2843C400C40D7A /* Products */;
			projectDirPath = "";
			projectRoot = "";
			targets = (
				C0D706CF2B2843C400C40D7A /* sdkTest */,
			);
		};
/* End PBXProject section */

/* Begin PBXResourcesBuildPhase section */
		C0D706CE2B2843C400C40D7A /* Resources */ = {
			isa = PBXResourcesBuildPhase;
			buildActionMask = 2147483647;
			files = (
				C0D706E02B2843C800C40D7A /* LaunchScreen.storyboard in Resources */,
				C08D32702C74692A009C7674 /* IMG_8791.HEIC in Resources */,
				C0D706DD2B2843C800C40D7A /* Assets.xcassets in Resources */,
				C0D706DB2B2843C400C40D7A /* Main.storyboard in Resources */,
			);
			runOnlyForDeploymentPostprocessing = 0;
		};
/* End PBXResourcesBuildPhase section */

/* Begin PBXSourcesBuildPhase section */
		C0D706CC2B2843C400C40D7A /* Sources */ = {
			isa = PBXSourcesBuildPhase;
			buildActionMask = 2147483647;
			files = (
				C0D706D82B2843C400C40D7A /* ViewController.swift in Sources */,
				C0D706EF2B28507B00C40D7A /* TokenBuilder.mm in Sources */,
				D94BCB722DB11AFC00859299 /* test_remove_group_member.swift in Sources */,
				C0D706D42B2843C400C40D7A /* AppDelegate.swift in Sources */,
				C0D706D62B2843C400C40D7A /* SceneDelegate.swift in Sources */,
			);
			runOnlyForDeploymentPostprocessing = 0;
		};
/* End PBXSourcesBuildPhase section */

/* Begin PBXVariantGroup section */
		C0D706D92B2843C400C40D7A /* Main.storyboard */ = {
			isa = PBXVariantGroup;
			children = (
				C0D706DA2B2843C400C40D7A /* Base */,
			);
			name = Main.storyboard;
			sourceTree = "<group>";
		};
		C0D706DE2B2843C800C40D7A /* LaunchScreen.storyboard */ = {
			isa = PBXVariantGroup;
			children = (
				C0D706DF2B2843C800C40D7A /* Base */,
			);
			name = LaunchScreen.storyboard;
			sourceTree = "<group>";
		};
/* End PBXVariantGroup section */

/* Begin XCBuildConfiguration section */
		C01466B22CA4F87600E0FBC5 /* MINIDebug */ = {
			isa = XCBuildConfiguration;
			buildSettings = {
				ALWAYS_SEARCH_USER_PATHS = NO;
				CLANG_ANALYZER_NONNULL = YES;
				CLANG_ANALYZER_NUMBER_OBJECT_CONVERSION = YES_AGGRESSIVE;
				CLANG_CXX_LANGUAGE_STANDARD = "gnu++20";
				CLANG_ENABLE_MODULES = YES;
				CLANG_ENABLE_OBJC_ARC = YES;
				CLANG_ENABLE_OBJC_WEAK = YES;
				CLANG_WARN_BLOCK_CAPTURE_AUTORELEASING = YES;
				CLANG_WARN_BOOL_CONVERSION = YES;
				CLANG_WARN_COMMA = YES;
				CLANG_WARN_CONSTANT_CONVERSION = YES;
				CLANG_WARN_DEPRECATED_OBJC_IMPLEMENTATIONS = YES;
				CLANG_WARN_DIRECT_OBJC_ISA_USAGE = YES_ERROR;
				CLANG_WARN_DOCUMENTATION_COMMENTS = YES;
				CLANG_WARN_EMPTY_BODY = YES;
				CLANG_WARN_ENUM_CONVERSION = YES;
				CLANG_WARN_INFINITE_RECURSION = YES;
				CLANG_WARN_INT_CONVERSION = YES;
				CLANG_WARN_NON_LITERAL_NULL_CONVERSION = YES;
				CLANG_WARN_OBJC_IMPLICIT_RETAIN_SELF = YES;
				CLANG_WARN_OBJC_LITERAL_CONVERSION = YES;
				CLANG_WARN_OBJC_ROOT_CLASS = YES_ERROR;
				CLANG_WARN_QUOTED_INCLUDE_IN_FRAMEWORK_HEADER = YES;
				CLANG_WARN_RANGE_LOOP_ANALYSIS = YES;
				CLANG_WARN_STRICT_PROTOTYPES = YES;
				CLANG_WARN_SUSPICIOUS_MOVE = YES;
				CLANG_WARN_UNGUARDED_AVAILABILITY = YES_AGGRESSIVE;
				CLANG_WARN_UNREACHABLE_CODE = YES;
				CLANG_WARN__DUPLICATE_METHOD_MATCH = YES;
				COPY_PHASE_STRIP = NO;
				DEBUG_INFORMATION_FORMAT = dwarf;
				ENABLE_STRICT_OBJC_MSGSEND = YES;
				ENABLE_TESTABILITY = YES;
				GCC_C_LANGUAGE_STANDARD = gnu11;
				GCC_DYNAMIC_NO_PIC = NO;
				GCC_NO_COMMON_BLOCKS = YES;
				GCC_OPTIMIZATION_LEVEL = 0;
				GCC_PREPROCESSOR_DEFINITIONS = (
					"DEBUG=1",
					"$(inherited)",
				);
				GCC_WARN_64_TO_32_BIT_CONVERSION = YES;
				GCC_WARN_ABOUT_RETURN_TYPE = YES_ERROR;
				GCC_WARN_UNDECLARED_SELECTOR = YES;
				GCC_WARN_UNINITIALIZED_AUTOS = YES_AGGRESSIVE;
				GCC_WARN_UNUSED_FUNCTION = YES;
				GCC_WARN_UNUSED_VARIABLE = YES;
				IPHONEOS_DEPLOYMENT_TARGET = 16.1;
				MTL_ENABLE_DEBUG_INFO = INCLUDE_SOURCE;
				MTL_FAST_MATH = YES;
				ONLY_ACTIVE_ARCH = YES;
				SDKROOT = iphoneos;
				SWIFT_ACTIVE_COMPILATION_CONDITIONS = DEBUG;
				SWIFT_OPTIMIZATION_LEVEL = "-Onone";
			};
			name = MINIDebug;
		};
		C01466B32CA4F87600E0FBC5 /* MINIDebug */ = {
			isa = XCBuildConfiguration;
			buildSettings = {
				ASSETCATALOG_COMPILER_APPICON_NAME = AppIcon;
				ASSETCATALOG_COMPILER_GLOBAL_ACCENT_COLOR_NAME = AccentColor;
				CLANG_ENABLE_MODULES = YES;
				CLANG_ENABLE_OBJC_ARC = NO;
				CODE_SIGN_ENTITLEMENTS = sdkTest/sdkTest.entitlements;
				CODE_SIGN_STYLE = Automatic;
				CURRENT_PROJECT_VERSION = 1;
				DEVELOPMENT_TEAM = JC854K845H;
				GENERATE_INFOPLIST_FILE = YES;
				HEADER_SEARCH_PATHS = (
					"\"$(SRCROOT)/sdkTest/openssl_1.1.1/include\"",
					"\"$(SRCROOT)/sdkTest/007token\"",
				);
				INFOPLIST_FILE = sdkTest/Info.plist;
				INFOPLIST_KEY_NSLocalNetworkUsageDescription = "使用本地网络";
				INFOPLIST_KEY_UIApplicationSupportsIndirectInputEvents = YES;
				INFOPLIST_KEY_UILaunchStoryboardName = LaunchScreen;
				INFOPLIST_KEY_UIMainStoryboardFile = Main;
				INFOPLIST_KEY_UISupportedInterfaceOrientations_iPad = "UIInterfaceOrientationPortrait UIInterfaceOrientationPortraitUpsideDown UIInterfaceOrientationLandscapeLeft UIInterfaceOrientationLandscapeRight";
				INFOPLIST_KEY_UISupportedInterfaceOrientations_iPhone = "UIInterfaceOrientationPortrait UIInterfaceOrientationLandscapeLeft UIInterfaceOrientationLandscapeRight";
				IPHONEOS_DEPLOYMENT_TARGET = 13.0;
				LD_RUNPATH_SEARCH_PATHS = (
					"$(inherited)",
					"@executable_path/Frameworks",
				);
				MARKETING_VERSION = 1.0;
				PRODUCT_BUNDLE_IDENTIFIER = com.easemob.sdkTest1;
				PRODUCT_NAME = "$(TARGET_NAME)";
				SWIFT_EMIT_LOC_STRINGS = YES;
				SWIFT_OBJC_BRIDGING_HEADER = "sdkTest-Bridging-Header.h";
				SWIFT_OPTIMIZATION_LEVEL = "-Onone";
				SWIFT_VERSION = 5.0;
				TARGETED_DEVICE_FAMILY = "1,2";
			};
			name = MINIDebug;
		};
		C0D706E22B2843C800C40D7A /* Debug */ = {
			isa = XCBuildConfiguration;
			buildSettings = {
				ALWAYS_SEARCH_USER_PATHS = NO;
				CLANG_ANALYZER_NONNULL = YES;
				CLANG_ANALYZER_NUMBER_OBJECT_CONVERSION = YES_AGGRESSIVE;
				CLANG_CXX_LANGUAGE_STANDARD = "gnu++20";
				CLANG_ENABLE_MODULES = YES;
				CLANG_ENABLE_OBJC_ARC = YES;
				CLANG_ENABLE_OBJC_WEAK = YES;
				CLANG_WARN_BLOCK_CAPTURE_AUTORELEASING = YES;
				CLANG_WARN_BOOL_CONVERSION = YES;
				CLANG_WARN_COMMA = YES;
				CLANG_WARN_CONSTANT_CONVERSION = YES;
				CLANG_WARN_DEPRECATED_OBJC_IMPLEMENTATIONS = YES;
				CLANG_WARN_DIRECT_OBJC_ISA_USAGE = YES_ERROR;
				CLANG_WARN_DOCUMENTATION_COMMENTS = YES;
				CLANG_WARN_EMPTY_BODY = YES;
				CLANG_WARN_ENUM_CONVERSION = YES;
				CLANG_WARN_INFINITE_RECURSION = YES;
				CLANG_WARN_INT_CONVERSION = YES;
				CLANG_WARN_NON_LITERAL_NULL_CONVERSION = YES;
				CLANG_WARN_OBJC_IMPLICIT_RETAIN_SELF = YES;
				CLANG_WARN_OBJC_LITERAL_CONVERSION = YES;
				CLANG_WARN_OBJC_ROOT_CLASS = YES_ERROR;
				CLANG_WARN_QUOTED_INCLUDE_IN_FRAMEWORK_HEADER = YES;
				CLANG_WARN_RANGE_LOOP_ANALYSIS = YES;
				CLANG_WARN_STRICT_PROTOTYPES = YES;
				CLANG_WARN_SUSPICIOUS_MOVE = YES;
				CLANG_WARN_UNGUARDED_AVAILABILITY = YES_AGGRESSIVE;
				CLANG_WARN_UNREACHABLE_CODE = YES;
				CLANG_WARN__DUPLICATE_METHOD_MATCH = YES;
				COPY_PHASE_STRIP = NO;
				DEBUG_INFORMATION_FORMAT = dwarf;
				ENABLE_STRICT_OBJC_MSGSEND = YES;
				ENABLE_TESTABILITY = YES;
				GCC_C_LANGUAGE_STANDARD = gnu11;
				GCC_DYNAMIC_NO_PIC = NO;
				GCC_NO_COMMON_BLOCKS = YES;
				GCC_OPTIMIZATION_LEVEL = 0;
				GCC_PREPROCESSOR_DEFINITIONS = (
					"DEBUG=1",
					"$(inherited)",
				);
				GCC_WARN_64_TO_32_BIT_CONVERSION = YES;
				GCC_WARN_ABOUT_RETURN_TYPE = YES_ERROR;
				GCC_WARN_UNDECLARED_SELECTOR = YES;
				GCC_WARN_UNINITIALIZED_AUTOS = YES_AGGRESSIVE;
				GCC_WARN_UNUSED_FUNCTION = YES;
				GCC_WARN_UNUSED_VARIABLE = YES;
				IPHONEOS_DEPLOYMENT_TARGET = 16.1;
				MTL_ENABLE_DEBUG_INFO = INCLUDE_SOURCE;
				MTL_FAST_MATH = YES;
				ONLY_ACTIVE_ARCH = YES;
				SDKROOT = iphoneos;
				SWIFT_ACTIVE_COMPILATION_CONDITIONS = DEBUG;
				SWIFT_OPTIMIZATION_LEVEL = "-Onone";
			};
			name = Debug;
		};
		C0D706E32B2843C800C40D7A /* Release */ = {
			isa = XCBuildConfiguration;
			buildSettings = {
				ALWAYS_SEARCH_USER_PATHS = NO;
				CLANG_ANALYZER_NONNULL = YES;
				CLANG_ANALYZER_NUMBER_OBJECT_CONVERSION = YES_AGGRESSIVE;
				CLANG_CXX_LANGUAGE_STANDARD = "gnu++20";
				CLANG_ENABLE_MODULES = YES;
				CLANG_ENABLE_OBJC_ARC = YES;
				CLANG_ENABLE_OBJC_WEAK = YES;
				CLANG_WARN_BLOCK_CAPTURE_AUTORELEASING = YES;
				CLANG_WARN_BOOL_CONVERSION = YES;
				CLANG_WARN_COMMA = YES;
				CLANG_WARN_CONSTANT_CONVERSION = YES;
				CLANG_WARN_DEPRECATED_OBJC_IMPLEMENTATIONS = YES;
				CLANG_WARN_DIRECT_OBJC_ISA_USAGE = YES_ERROR;
				CLANG_WARN_DOCUMENTATION_COMMENTS = YES;
				CLANG_WARN_EMPTY_BODY = YES;
				CLANG_WARN_ENUM_CONVERSION = YES;
				CLANG_WARN_INFINITE_RECURSION = YES;
				CLANG_WARN_INT_CONVERSION = YES;
				CLANG_WARN_NON_LITERAL_NULL_CONVERSION = YES;
				CLANG_WARN_OBJC_IMPLICIT_RETAIN_SELF = YES;
				CLANG_WARN_OBJC_LITERAL_CONVERSION = YES;
				CLANG_WARN_OBJC_ROOT_CLASS = YES_ERROR;
				CLANG_WARN_QUOTED_INCLUDE_IN_FRAMEWORK_HEADER = YES;
				CLANG_WARN_RANGE_LOOP_ANALYSIS = YES;
				CLANG_WARN_STRICT_PROTOTYPES = YES;
				CLANG_WARN_SUSPICIOUS_MOVE = YES;
				CLANG_WARN_UNGUARDED_AVAILABILITY = YES_AGGRESSIVE;
				CLANG_WARN_UNREACHABLE_CODE = YES;
				CLANG_WARN__DUPLICATE_METHOD_MATCH = YES;
				COPY_PHASE_STRIP = NO;
				DEBUG_INFORMATION_FORMAT = "dwarf-with-dsym";
				ENABLE_NS_ASSERTIONS = NO;
				ENABLE_STRICT_OBJC_MSGSEND = YES;
				GCC_C_LANGUAGE_STANDARD = gnu11;
				GCC_NO_COMMON_BLOCKS = YES;
				GCC_WARN_64_TO_32_BIT_CONVERSION = YES;
				GCC_WARN_ABOUT_RETURN_TYPE = YES_ERROR;
				GCC_WARN_UNDECLARED_SELECTOR = YES;
				GCC_WARN_UNINITIALIZED_AUTOS = YES_AGGRESSIVE;
				GCC_WARN_UNUSED_FUNCTION = YES;
				GCC_WARN_UNUSED_VARIABLE = YES;
				IPHONEOS_DEPLOYMENT_TARGET = 16.1;
				MTL_ENABLE_DEBUG_INFO = NO;
				MTL_FAST_MATH = YES;
				SDKROOT = iphoneos;
				SWIFT_COMPILATION_MODE = wholemodule;
				SWIFT_OPTIMIZATION_LEVEL = "-O";
				VALIDATE_PRODUCT = YES;
			};
			name = Release;
		};
		C0D706E52B2843C800C40D7A /* Debug */ = {
			isa = XCBuildConfiguration;
			buildSettings = {
				ASSETCATALOG_COMPILER_APPICON_NAME = AppIcon;
				ASSETCATALOG_COMPILER_GLOBAL_ACCENT_COLOR_NAME = AccentColor;
				CLANG_ENABLE_MODULES = YES;
				CLANG_ENABLE_OBJC_ARC = NO;
				CODE_SIGN_ENTITLEMENTS = sdkTest/sdkTest.entitlements;
				CODE_SIGN_STYLE = Automatic;
				CURRENT_PROJECT_VERSION = 1;
				DEVELOPMENT_TEAM = JC854K845H;
				"EXCLUDED_ARCHS[sdk=iphonesimulator*]" = arm64;
				GENERATE_INFOPLIST_FILE = YES;
				HEADER_SEARCH_PATHS = (
					"\"$(SRCROOT)/sdkTest/openssl_1.1.1/include\"",
					"\"$(SRCROOT)/sdkTest/007token\"",
				);
				INFOPLIST_FILE = sdkTest/Info.plist;
				INFOPLIST_KEY_NSLocalNetworkUsageDescription = "使用本地网络";
				INFOPLIST_KEY_UIApplicationSupportsIndirectInputEvents = YES;
				INFOPLIST_KEY_UILaunchStoryboardName = LaunchScreen;
				INFOPLIST_KEY_UIMainStoryboardFile = Main;
				INFOPLIST_KEY_UISupportedInterfaceOrientations_iPad = "UIInterfaceOrientationPortrait UIInterfaceOrientationPortraitUpsideDown UIInterfaceOrientationLandscapeLeft UIInterfaceOrientationLandscapeRight";
				INFOPLIST_KEY_UISupportedInterfaceOrientations_iPhone = "UIInterfaceOrientationPortrait UIInterfaceOrientationLandscapeLeft UIInterfaceOrientationLandscapeRight";
				IPHONEOS_DEPLOYMENT_TARGET = 13.0;
				LD_RUNPATH_SEARCH_PATHS = (
					"$(inherited)",
					"@executable_path/Frameworks",
				);
				MARKETING_VERSION = 1.0;
				PRODUCT_BUNDLE_IDENTIFIER = com.easemob.sdkTest1;
				PRODUCT_NAME = "$(TARGET_NAME)";
				SWIFT_EMIT_LOC_STRINGS = YES;
				SWIFT_OBJC_BRIDGING_HEADER = "sdkTest-Bridging-Header.h";
				SWIFT_OPTIMIZATION_LEVEL = "-Onone";
				SWIFT_VERSION = 5.0;
				TARGETED_DEVICE_FAMILY = "1,2";
			};
			name = Debug;
		};
		C0D706E62B2843C800C40D7A /* Release */ = {
			isa = XCBuildConfiguration;
			buildSettings = {
				ASSETCATALOG_COMPILER_APPICON_NAME = AppIcon;
				ASSETCATALOG_COMPILER_GLOBAL_ACCENT_COLOR_NAME = AccentColor;
				CLANG_ENABLE_MODULES = YES;
				CLANG_ENABLE_OBJC_ARC = NO;
				CODE_SIGN_ENTITLEMENTS = sdkTest/sdkTest.entitlements;
				CODE_SIGN_STYLE = Automatic;
				CURRENT_PROJECT_VERSION = 1;
				DEVELOPMENT_TEAM = JC854K845H;
				GENERATE_INFOPLIST_FILE = YES;
				HEADER_SEARCH_PATHS = (
					"\"$(SRCROOT)/sdkTest/openssl_1.1.1/include\"",
					"\"$(SRCROOT)/sdkTest/007token\"",
				);
				INFOPLIST_FILE = sdkTest/Info.plist;
				INFOPLIST_KEY_NSLocalNetworkUsageDescription = "使用本地网络";
				INFOPLIST_KEY_UIApplicationSupportsIndirectInputEvents = YES;
				INFOPLIST_KEY_UILaunchStoryboardName = LaunchScreen;
				INFOPLIST_KEY_UIMainStoryboardFile = Main;
				INFOPLIST_KEY_UISupportedInterfaceOrientations_iPad = "UIInterfaceOrientationPortrait UIInterfaceOrientationPortraitUpsideDown UIInterfaceOrientationLandscapeLeft UIInterfaceOrientationLandscapeRight";
				INFOPLIST_KEY_UISupportedInterfaceOrientations_iPhone = "UIInterfaceOrientationPortrait UIInterfaceOrientationLandscapeLeft UIInterfaceOrientationLandscapeRight";
				IPHONEOS_DEPLOYMENT_TARGET = 13.0;
				LD_RUNPATH_SEARCH_PATHS = (
					"$(inherited)",
					"@executable_path/Frameworks",
				);
				MARKETING_VERSION = 1.0;
				PRODUCT_BUNDLE_IDENTIFIER = com.easemob.sdkTest1;
				PRODUCT_NAME = "$(TARGET_NAME)";
				SWIFT_EMIT_LOC_STRINGS = YES;
				SWIFT_OBJC_BRIDGING_HEADER = "sdkTest-Bridging-Header.h";
				SWIFT_VERSION = 5.0;
				TARGETED_DEVICE_FAMILY = "1,2";
			};
			name = Release;
		};
/* End XCBuildConfiguration section */

/* Begin XCConfigurationList section */
		C0D706CB2B2843C400C40D7A /* Build configuration list for PBXProject "sdkTest" */ = {
			isa = XCConfigurationList;
			buildConfigurations = (
				C0D706E22B2843C800C40D7A /* Debug */,
				C01466B22CA4F87600E0FBC5 /* MINIDebug */,
				C0D706E32B2843C800C40D7A /* Release */,
			);
			defaultConfigurationIsVisible = 0;
			defaultConfigurationName = Release;
		};
		C0D706E42B2843C800C40D7A /* Build configuration list for PBXNativeTarget "sdkTest" */ = {
			isa = XCConfigurationList;
			buildConfigurations = (
				C0D706E52B2843C800C40D7A /* Debug */,
				C01466B32CA4F87600E0FBC5 /* MINIDebug */,
				C0D706E62B2843C800C40D7A /* Release */,
			);
			defaultConfigurationIsVisible = 0;
			defaultConfigurationName = Release;
		};
/* End XCConfigurationList section */
	};
	rootObject = C0D706C82B2843C400C40D7A /* Project object */;
}
